<?xml version="1.0" encoding="utf-8"?>
<Project ToolsVersion="4.0" xmlns="http://schemas.microsoft.com/developer/msbuild/2003">
  <ItemGroup>
    <Filter Include="Source Files">
      <UniqueIdentifier>{4FC737F1-C7A5-4376-A066-2A32D752A2FF}</UniqueIdentifier>
      <Extensions>cpp;c;cc;cxx;def;odl;idl;hpj;bat;asm;asmx</Extensions>
    </Filter>
    <Filter Include="Header Files">
      <UniqueIdentifier>{93995380-89BD-4b04-88EB-625FBE52EBFB}</UniqueIdentifier>
      <Extensions>h;hpp;hxx;hm;inl;inc;xsd</Extensions>
    </Filter>
    <Filter Include="Resource Files">
      <UniqueIdentifier>{67DA6AB6-F800-4c08-8B7A-83BB121AAD01}</UniqueIdentifier>
      <Extensions>rc;ico;cur;bmp;dlg;rc2;rct;bin;rgs;gif;jpg;jpeg;jpe;resx;tiff;tif;png;wav;mfcribbon-ms</Extensions>
    </Filter>
    <Filter Include="Header Files\Modules">
      <UniqueIdentifier>{3a0e7c72-492b-4f23-87ca-0170be8fbce3}</UniqueIdentifier>
    </Filter>
    <Filter Include="Source Files\Modules">
      <UniqueIdentifier>{691be09c-9481-4bc5-ac58-12ee49acc456}</UniqueIdentifier>
    </Filter>
  </ItemGroup>
  <ItemGroup>
    <ClCompile Include="AvocadoEngine.cpp">
      <Filter>Source Files</Filter>
    </ClCompile>
    <ClCompile Include="SceneFunctions.cpp">
      <Filter>Source Files</Filter>
    </ClCompile>
    <ClCompile Include="AvocadoScenixAdapter.cpp">
      <Filter>Source Files</Filter>
    </ClCompile>
    <ClCompile Include="MeshGenerator.cpp">
      <Filter>Source Files</Filter>
    </ClCompile>
    <ClCompile Include="AvocadoMessageHandler.cpp">
      <Filter>Source Files</Filter>
    </ClCompile>
    <ClCompile Include="AvocadoAppInterface.cpp">
      <Filter>Source Files</Filter>
    </ClCompile>
    <ClCompile Include="AvocadoEngineView.cpp">
      <Filter>Source Files</Filter>
    </ClCompile>
    <ClCompile Include="AvocadoEngineDoc.cpp">
      <Filter>Source Files</Filter>
    </ClCompile>
    <ClCompile Include="AvocadoEngineObject.cpp">
      <Filter>Source Files</Filter>
    </ClCompile>
    <ClCompile Include="AvocadoDraggerModule.cpp">
      <Filter>Source Files\Modules</Filter>
    </ClCompile>
    <ClCompile Include="AvocadoImportModule.cpp">
      <Filter>Source Files\Modules</Filter>
    </ClCompile>
    <ClCompile Include="AvocadoManipulator.cpp">
      <Filter>Source Files\Modules</Filter>
    </ClCompile>
    <ClCompile Include="AvocadoManipulatorModule.cpp">
      <Filter>Source Files\Modules</Filter>
    </ClCompile>
    <ClCompile Include="AvocadoNetworkModule.cpp">
      <Filter>Source Files\Modules</Filter>
    </ClCompile>
    <ClCompile Include="AvocadoPickerModule.cpp">
      <Filter>Source Files\Modules</Filter>
    </ClCompile>
    <ClCompile Include="AvocadoPipeline.cpp">
      <Filter>Source Files\Modules</Filter>
    </ClCompile>
    <ClCompile Include="AvocadoPipelineModule.cpp">
      <Filter>Source Files\Modules</Filter>
    </ClCompile>
    <ClCompile Include="Manipulator.cpp">
      <Filter>Source Files\Modules</Filter>
    </ClCompile>
    <ClCompile Include="AvocadoSOAPClient.cpp">
      <Filter>Source Files\Modules</Filter>
    </ClCompile>
    <ClCompile Include="AvocadoParams.cpp">
      <Filter>Source Files</Filter>
    </ClCompile>
    <ClCompile Include="AvocadoAnimationManipulatorModule.cpp">
      <Filter>Source Files\Modules</Filter>
    </ClCompile>
    <ClCompile Include="AnimationManipulator.cpp">
      <Filter>Source Files\Modules</Filter>
    </ClCompile>
    <ClCompile Include="AvocadoSelectionModule.cpp">
      <Filter>Source Files\Modules</Filter>
    </ClCompile>
    <ClCompile Include="AvocadoAnnotationsModule.cpp">
      <Filter>Source Files\Modules</Filter>
    </ClCompile>
    <ClCompile Include="unzip.cpp">
      <Filter>Source Files</Filter>
    </ClCompile>
    <ClCompile Include="zip.cpp">
      <Filter>Source Files</Filter>
    </ClCompile>
    <ClCompile Include="CameraAnimator.cpp">
      <Filter>Source Files\Modules</Filter>
    </ClCompile>
    <ClCompile Include="AvocadoMaterials.cpp">
      <Filter>Source Files</Filter>
    </ClCompile>
    <ClCompile Include="FFPToCgFxTraverser.cpp">
      <Filter>Source Files</Filter>
    </ClCompile>
    <ClCompile Include="AvocadoEngineOptions.cpp">
      <Filter>Source Files</Filter>
    </ClCompile>
  </ItemGroup>
  <ItemGroup>
    <ClInclude Include="AvocadoEngine.h">
      <Filter>Header Files</Filter>
    </ClInclude>
    <ClInclude Include="AvocadoAppInterface.h">
      <Filter>Header Files</Filter>
    </ClInclude>
    <ClInclude Include="AvocadoScenixAdapter.h">
      <Filter>Header Files</Filter>
    </ClInclude>
    <ClInclude Include="SceneFunctions.h">
      <Filter>Header Files</Filter>
    </ClInclude>
    <ClInclude Include="MeshGenerator.h">
      <Filter>Header Files</Filter>
    </ClInclude>
    <ClInclude Include="AvocadoMessageHandler.h">
      <Filter>Header Files</Filter>
    </ClInclude>
    <ClInclude Include="AvocadoParams.h">
      <Filter>Header Files</Filter>
    </ClInclude>
    <ClInclude Include="AvocadoEngineView.h">
      <Filter>Header Files</Filter>
    </ClInclude>
    <ClInclude Include="AvocadoEngineDoc.h">
      <Filter>Header Files</Filter>
    </ClInclude>
    <ClInclude Include="AvocadoEngineObject.h">
      <Filter>Header Files</Filter>
    </ClInclude>
    <ClInclude Include="AvocadoDraggerModule.h">
      <Filter>Header Files\Modules</Filter>
    </ClInclude>
    <ClInclude Include="AvocadoImportModule.h">
      <Filter>Header Files\Modules</Filter>
    </ClInclude>
    <ClInclude Include="AvocadoManipulator.h">
      <Filter>Header Files\Modules</Filter>
    </ClInclude>
    <ClInclude Include="AvocadoModuleInterface.h">
      <Filter>Header Files\Modules</Filter>
    </ClInclude>
    <ClInclude Include="AvocadoNetworkModule.h">
      <Filter>Header Files\Modules</Filter>
    </ClInclude>
    <ClInclude Include="AvocadoPickerModule.h">
      <Filter>Header Files\Modules</Filter>
    </ClInclude>
    <ClInclude Include="AvocadoPipeline.h">
      <Filter>Header Files\Modules</Filter>
    </ClInclude>
    <ClInclude Include="AvocadoPipelineModule.h">
      <Filter>Header Files\Modules</Filter>
    </ClInclude>
    <ClInclude Include="Manipulator.h">
      <Filter>Header Files\Modules</Filter>
    </ClInclude>
    <ClInclude Include="AvocadoSOAPClient.h">
      <Filter>Header Files\Modules</Filter>
    </ClInclude>
    <ClInclude Include="AvocadoAnimationManipulatorModule.h">
      <Filter>Header Files\Modules</Filter>
    </ClInclude>
    <ClInclude Include="AnimationManipulator.h">
      <Filter>Header Files\Modules</Filter>
    </ClInclude>
    <ClInclude Include="AvocadoSelectionModule.h">
      <Filter>Header Files\Modules</Filter>
    </ClInclude>
    <ClInclude Include="AvocadoAnnotationsModule.h">
      <Filter>Header Files\Modules</Filter>
    </ClInclude>
    <ClInclude Include="AvocadoInternalModules.h">
      <Filter>Header Files\Modules</Filter>
    </ClInclude>
    <ClInclude Include="unzip.h">
      <Filter>Header Files</Filter>
    </ClInclude>
    <ClInclude Include="zip.h">
      <Filter>Header Files</Filter>
    </ClInclude>
    <ClInclude Include="AvocadoManipulatorModule.h">
      <Filter>Header Files\Modules</Filter>
    </ClInclude>
    <ClInclude Include="CameraAnimator.h">
      <Filter>Header Files\Modules</Filter>
    </ClInclude>
    <ClInclude Include="AvocadoMaterials.h">
      <Filter>Header Files</Filter>
    </ClInclude>
    <ClInclude Include="FFPToCgFxTraverser.h">
      <Filter>Header Files</Filter>
    </ClInclude>
    <ClInclude Include="AvocadoAppOptionsInterface.h">
      <Filter>Header Files</Filter>
    </ClInclude>
  </ItemGroup>
</Project>