
Microsoft Visual Studio Solution File, Format Version 11.00
# Visual Studio 2010
Project("{8BC9CEB8-8B4A-11D0-8D11-00A0C91BC942}") = "Avocado", "Avocado\Avocado.vcxproj", "{DB018097-C2A7-4B50-AE65-85428C0467C1}"
	ProjectSection(ProjectDependencies) = postProject
		{D263B266-82B5-48AD-8C2C-A79647A1841B} = {D263B266-82B5-48AD-8C2C-A79647A1841B}
	EndProjectSection
EndProject
Project("{8BC9CEB8-8B4A-11D0-8D11-00A0C91BC942}") = "AvocadoHandlers", "AvocadoHandlers\AvocadoHandlers.vcxproj", "{DDFECB54-729D-48CC-A7F2-4013F20F498E}"
EndProject
Project("{8BC9CEB8-8B4A-11D0-8D11-00A0C91BC942}") = "AvocadoEngine", "AvocadoEngine\AvocadoEngine.vcxproj", "{D263B266-82B5-48AD-8C2C-A79647A1841B}"
EndProject
Project("{8BC9CEB8-8B4A-11D0-8D11-00A0C91BC942}") = "AvocadoEngineCLR", "AvocadoEngineCLR\AvocadoEngineCLR.vcxproj", "{0C3E557B-8448-4C9F-83D3-3DCB3EE4A8B2}"
	ProjectSection(ProjectDependencies) = postProject
		{D263B266-82B5-48AD-8C2C-A79647A1841B} = {D263B266-82B5-48AD-8C2C-A79647A1841B}
	EndProjectSection
EndProject
Project("{8BC9CEB8-8B4A-11D0-8D11-00A0C91BC942}") = "AvocadoWFApp", "AvocadoWFApp\AvocadoWFApp.vcxproj", "{47B333A3-8D38-4376-A7E2-11479FDC2C34}"
EndProject
Project("{8BC9CEB8-8B4A-11D0-8D11-00A0C91BC942}") = "AvocdoWFControl", "AvocdoWFControl\AvocdoWFControl.vcxproj", "{FD89D394-1115-4851-9A81-FBF30A018816}"
	ProjectSection(ProjectDependencies) = postProject
		{0C3E557B-8448-4C9F-83D3-3DCB3EE4A8B2} = {0C3E557B-8448-4C9F-83D3-3DCB3EE4A8B2}
	EndProjectSection
EndProject
Project("{8BC9CEB8-8B4A-11D0-8D11-00A0C91BC942}") = "AvocadoActiveXCtrl", "AvocadoActiveXCtrl\AvocadoActiveXCtrl.vcxproj", "{D44CA30C-90E5-415E-9F2E-2BB68B877740}"
EndProject
Project("{FAE04EC0-301F-11D3-BF4B-00C04F79EFBC}") = "AvocadoWebApp", "AvocadoWebApp\AvocadoWebApp.csproj", "{51096044-2468-4CF4-99B5-AE3251CA8C3D}"
EndProject
Project("{2150E333-8FDC-42A3-9474-1A3956D46DE8}") = "AvocadoMFC", "AvocadoMFC", "{09A418F0-FA61-4A83-A0F0-5DC75E999E6E}"
EndProject
Project("{2150E333-8FDC-42A3-9474-1A3956D46DE8}") = "AvocadoDotNet", "AvocadoDotNet", "{1F5E89A4-319B-4904-B735-CABC083AE0CB}"
EndProject
Project("{2150E333-8FDC-42A3-9474-1A3956D46DE8}") = "AvocadoCore", "AvocadoCore", "{89D25084-E5AD-42C0-A22B-E24E063C021E}"
EndProject
Project("{2150E333-8FDC-42A3-9474-1A3956D46DE8}") = "AvocadoOfficeTools", "AvocadoOfficeTools", "{E88EEF2C-13A9-4ED3-8CDA-3EAE6F6D7840}"
EndProject
Project("{2150E333-8FDC-42A3-9474-1A3956D46DE8}") = "AvocadoServer", "AvocadoServer", "{C1D2D34A-D234-4717-B2DF-9884775AA7F4}"
EndProject
Project("{8BC9CEB8-8B4A-11D0-8D11-00A0C91BC942}") = "AvocadoTests", "AvocadoTests\AvocadoTests.vcxproj", "{0006D818-0BF4-4F35-9757-E01C6061835E}"
EndProject
Project("{2150E333-8FDC-42A3-9474-1A3956D46DE8}") = "Solution Items", "Solution Items", "{2EEB830D-AF88-4927-9F88-A13088F4515B}"
	ProjectSection(SolutionItems) = preProject
		Avocado.vsmdi = Avocado.vsmdi
		BackLog.txt = BackLog.txt
		Local.testsettings = Local.testsettings
	EndProjectSection
EndProject
Project("{FAE04EC0-301F-11D3-BF4B-00C04F79EFBC}") = "CSActiveX", "CSActiveX\CSActiveX.csproj", "{25C56D15-3645-4254-82F8-4A32456795F7}"
EndProject
Project("{8BC9CEB8-8B4A-11D0-8D11-00A0C91BC942}") = "Catalix", "Catalix\Catalix.vcxproj", "{756AA2DE-4019-41E1-9DB6-F4C7BCF6FD7A}"
EndProject
Project("{54435603-DBB4-11D2-8724-00A0C9A8B90C}") = "Avocado", "AvocadoSetup\AvocadoSetup.vdproj", "{1C1725F3-FE5A-4895-A0E8-AE2A58417650}"
EndProject
Project("{54435603-DBB4-11D2-8724-00A0C9A8B90C}") = "Avocado_64bit", "AvocadoSetup64\AvocadoSetup_x64.vdproj", "{466A5D3B-B60D-42F1-9CA9-91AA1D748A2B}"
EndProject
Project("{8BC9CEB8-8B4A-11D0-8D11-00A0C91BC942}") = "AvocadoActiveX", "MFCSafeActiveX\MFCSafeActiveX.vcxproj", "{0C9A305C-A46A-4846-9A45-D0B620824DD0}"
EndProject
Global
	GlobalSection(TestCaseManagementSettings) = postSolution
		CategoryFile = Avocado.vsmdi
	EndGlobalSection
	GlobalSection(SolutionConfigurationPlatforms) = preSolution
		Debug|Any CPU = Debug|Any CPU
		Debug|Mixed Platforms = Debug|Mixed Platforms
		Debug|Win32 = Debug|Win32
		Debug|x64 = Debug|x64
		Debug|x86 = Debug|x86
		Release|Any CPU = Release|Any CPU
		Release|Mixed Platforms = Release|Mixed Platforms
		Release|Win32 = Release|Win32
		Release|x64 = Release|x64
		Release|x86 = Release|x86
		Template|Any CPU = Template|Any CPU
		Template|Mixed Platforms = Template|Mixed Platforms
		Template|Win32 = Template|Win32
		Template|x64 = Template|x64
		Template|x86 = Template|x86
	EndGlobalSection
	GlobalSection(ProjectConfigurationPlatforms) = postSolution
		{DB018097-C2A7-4B50-AE65-85428C0467C1}.Debug|Any CPU.ActiveCfg = Debug|x64
		{DB018097-C2A7-4B50-AE65-85428C0467C1}.Debug|Mixed Platforms.ActiveCfg = Debug|x64
		{DB018097-C2A7-4B50-AE65-85428C0467C1}.Debug|Mixed Platforms.Build.0 = Debug|x64
		{DB018097-C2A7-4B50-AE65-85428C0467C1}.Debug|Win32.ActiveCfg = Debug|Win32
		{DB018097-C2A7-4B50-AE65-85428C0467C1}.Debug|Win32.Build.0 = Debug|Win32
		{DB018097-C2A7-4B50-AE65-85428C0467C1}.Debug|x64.ActiveCfg = Debug|x64
		{DB018097-C2A7-4B50-AE65-85428C0467C1}.Debug|x64.Build.0 = Debug|x64
		{DB018097-C2A7-4B50-AE65-85428C0467C1}.Debug|x86.ActiveCfg = Debug|x64
		{DB018097-C2A7-4B50-AE65-85428C0467C1}.Release|Any CPU.ActiveCfg = Release|x64
		{DB018097-C2A7-4B50-AE65-85428C0467C1}.Release|Mixed Platforms.ActiveCfg = Release|x64
		{DB018097-C2A7-4B50-AE65-85428C0467C1}.Release|Mixed Platforms.Build.0 = Release|x64
		{DB018097-C2A7-4B50-AE65-85428C0467C1}.Release|Win32.ActiveCfg = Release|Win32
		{DB018097-C2A7-4B50-AE65-85428C0467C1}.Release|Win32.Build.0 = Release|Win32
		{DB018097-C2A7-4B50-AE65-85428C0467C1}.Release|x64.ActiveCfg = Release|x64
		{DB018097-C2A7-4B50-AE65-85428C0467C1}.Release|x64.Build.0 = Release|x64
		{DB018097-C2A7-4B50-AE65-85428C0467C1}.Release|x86.ActiveCfg = Release|x64
		{DB018097-C2A7-4B50-AE65-85428C0467C1}.Template|Any CPU.ActiveCfg = Release|x64
		{DB018097-C2A7-4B50-AE65-85428C0467C1}.Template|Mixed Platforms.ActiveCfg = Release|x64
		{DB018097-C2A7-4B50-AE65-85428C0467C1}.Template|Mixed Platforms.Build.0 = Release|x64
		{DB018097-C2A7-4B50-AE65-85428C0467C1}.Template|Win32.ActiveCfg = Release|x64
		{DB018097-C2A7-4B50-AE65-85428C0467C1}.Template|x64.ActiveCfg = Release|x64
		{DB018097-C2A7-4B50-AE65-85428C0467C1}.Template|x64.Build.0 = Release|x64
		{DB018097-C2A7-4B50-AE65-85428C0467C1}.Template|x86.ActiveCfg = Release|x64
		{DDFECB54-729D-48CC-A7F2-4013F20F498E}.Debug|Any CPU.ActiveCfg = Debug|x64
		{DDFECB54-729D-48CC-A7F2-4013F20F498E}.Debug|Mixed Platforms.ActiveCfg = Debug|x64
		{DDFECB54-729D-48CC-A7F2-4013F20F498E}.Debug|Mixed Platforms.Build.0 = Debug|x64
		{DDFECB54-729D-48CC-A7F2-4013F20F498E}.Debug|Win32.ActiveCfg = Debug|Win32
		{DDFECB54-729D-48CC-A7F2-4013F20F498E}.Debug|Win32.Build.0 = Debug|Win32
		{DDFECB54-729D-48CC-A7F2-4013F20F498E}.Debug|x64.ActiveCfg = Debug|x64
		{DDFECB54-729D-48CC-A7F2-4013F20F498E}.Debug|x86.ActiveCfg = Debug|x64
		{DDFECB54-729D-48CC-A7F2-4013F20F498E}.Release|Any CPU.ActiveCfg = Release|x64
		{DDFECB54-729D-48CC-A7F2-4013F20F498E}.Release|Mixed Platforms.ActiveCfg = Release|x64
		{DDFECB54-729D-48CC-A7F2-4013F20F498E}.Release|Mixed Platforms.Build.0 = Release|x64
		{DDFECB54-729D-48CC-A7F2-4013F20F498E}.Release|Win32.ActiveCfg = Release|Win32
		{DDFECB54-729D-48CC-A7F2-4013F20F498E}.Release|Win32.Build.0 = Release|Win32
		{DDFECB54-729D-48CC-A7F2-4013F20F498E}.Release|x64.ActiveCfg = Release|x64
		{DDFECB54-729D-48CC-A7F2-4013F20F498E}.Release|x64.Build.0 = Release|x64
		{DDFECB54-729D-48CC-A7F2-4013F20F498E}.Release|x86.ActiveCfg = Release|x64
		{DDFECB54-729D-48CC-A7F2-4013F20F498E}.Template|Any CPU.ActiveCfg = Release|x64
		{DDFECB54-729D-48CC-A7F2-4013F20F498E}.Template|Mixed Platforms.ActiveCfg = Release|x64
		{DDFECB54-729D-48CC-A7F2-4013F20F498E}.Template|Mixed Platforms.Build.0 = Release|x64
		{DDFECB54-729D-48CC-A7F2-4013F20F498E}.Template|Win32.ActiveCfg = Release|x64
		{DDFECB54-729D-48CC-A7F2-4013F20F498E}.Template|x64.ActiveCfg = Release|x64
		{DDFECB54-729D-48CC-A7F2-4013F20F498E}.Template|x64.Build.0 = Release|x64
		{DDFECB54-729D-48CC-A7F2-4013F20F498E}.Template|x86.ActiveCfg = Release|x64
		{D263B266-82B5-48AD-8C2C-A79647A1841B}.Debug|Any CPU.ActiveCfg = Debug|x64
		{D263B266-82B5-48AD-8C2C-A79647A1841B}.Debug|Mixed Platforms.ActiveCfg = Debug|x64
		{D263B266-82B5-48AD-8C2C-A79647A1841B}.Debug|Mixed Platforms.Build.0 = Debug|x64
		{D263B266-82B5-48AD-8C2C-A79647A1841B}.Debug|Win32.ActiveCfg = Debug|Win32
		{D263B266-82B5-48AD-8C2C-A79647A1841B}.Debug|Win32.Build.0 = Debug|Win32
		{D263B266-82B5-48AD-8C2C-A79647A1841B}.Debug|x64.ActiveCfg = Debug|x64
		{D263B266-82B5-48AD-8C2C-A79647A1841B}.Debug|x86.ActiveCfg = Debug|x64
		{D263B266-82B5-48AD-8C2C-A79647A1841B}.Release|Any CPU.ActiveCfg = Release|x64
		{D263B266-82B5-48AD-8C2C-A79647A1841B}.Release|Mixed Platforms.ActiveCfg = Release|x64
		{D263B266-82B5-48AD-8C2C-A79647A1841B}.Release|Mixed Platforms.Build.0 = Release|x64
		{D263B266-82B5-48AD-8C2C-A79647A1841B}.Release|Win32.ActiveCfg = Release|Win32
		{D263B266-82B5-48AD-8C2C-A79647A1841B}.Release|Win32.Build.0 = Release|Win32
		{D263B266-82B5-48AD-8C2C-A79647A1841B}.Release|x64.ActiveCfg = Release|x64
		{D263B266-82B5-48AD-8C2C-A79647A1841B}.Release|x64.Build.0 = Release|x64
		{D263B266-82B5-48AD-8C2C-A79647A1841B}.Release|x86.ActiveCfg = Release|x64
		{D263B266-82B5-48AD-8C2C-A79647A1841B}.Template|Any CPU.ActiveCfg = Release|x64
		{D263B266-82B5-48AD-8C2C-A79647A1841B}.Template|Mixed Platforms.ActiveCfg = Release|x64
		{D263B266-82B5-48AD-8C2C-A79647A1841B}.Template|Mixed Platforms.Build.0 = Release|x64
		{D263B266-82B5-48AD-8C2C-A79647A1841B}.Template|Win32.ActiveCfg = Release|x64
		{D263B266-82B5-48AD-8C2C-A79647A1841B}.Template|x64.ActiveCfg = Release|x64
		{D263B266-82B5-48AD-8C2C-A79647A1841B}.Template|x64.Build.0 = Release|x64
		{D263B266-82B5-48AD-8C2C-A79647A1841B}.Template|x86.ActiveCfg = Release|x64
		{0C3E557B-8448-4C9F-83D3-3DCB3EE4A8B2}.Debug|Any CPU.ActiveCfg = Debug|x64
		{0C3E557B-8448-4C9F-83D3-3DCB3EE4A8B2}.Debug|Mixed Platforms.ActiveCfg = Debug|x64
		{0C3E557B-8448-4C9F-83D3-3DCB3EE4A8B2}.Debug|Mixed Platforms.Build.0 = Debug|x64
		{0C3E557B-8448-4C9F-83D3-3DCB3EE4A8B2}.Debug|Win32.ActiveCfg = Debug|Win32
		{0C3E557B-8448-4C9F-83D3-3DCB3EE4A8B2}.Debug|Win32.Build.0 = Debug|Win32
		{0C3E557B-8448-4C9F-83D3-3DCB3EE4A8B2}.Debug|x64.ActiveCfg = Debug|Win32
		{0C3E557B-8448-4C9F-83D3-3DCB3EE4A8B2}.Debug|x86.ActiveCfg = Debug|x64
		{0C3E557B-8448-4C9F-83D3-3DCB3EE4A8B2}.Release|Any CPU.ActiveCfg = Release|x64
		{0C3E557B-8448-4C9F-83D3-3DCB3EE4A8B2}.Release|Mixed Platforms.ActiveCfg = Release|x64
		{0C3E557B-8448-4C9F-83D3-3DCB3EE4A8B2}.Release|Mixed Platforms.Build.0 = Release|x64
		{0C3E557B-8448-4C9F-83D3-3DCB3EE4A8B2}.Release|Win32.ActiveCfg = Release|Win32
		{0C3E557B-8448-4C9F-83D3-3DCB3EE4A8B2}.Release|Win32.Build.0 = Release|Win32
		{0C3E557B-8448-4C9F-83D3-3DCB3EE4A8B2}.Release|x64.ActiveCfg = Release|x64
		{0C3E557B-8448-4C9F-83D3-3DCB3EE4A8B2}.Release|x64.Build.0 = Release|x64
		{0C3E557B-8448-4C9F-83D3-3DCB3EE4A8B2}.Release|x86.ActiveCfg = Release|x64
		{0C3E557B-8448-4C9F-83D3-3DCB3EE4A8B2}.Template|Any CPU.ActiveCfg = Release|x64
		{0C3E557B-8448-4C9F-83D3-3DCB3EE4A8B2}.Template|Mixed Platforms.ActiveCfg = Release|x64
		{0C3E557B-8448-4C9F-83D3-3DCB3EE4A8B2}.Template|Mixed Platforms.Build.0 = Release|x64
		{0C3E557B-8448-4C9F-83D3-3DCB3EE4A8B2}.Template|Win32.ActiveCfg = Release|x64
		{0C3E557B-8448-4C9F-83D3-3DCB3EE4A8B2}.Template|x64.ActiveCfg = Release|x64
		{0C3E557B-8448-4C9F-83D3-3DCB3EE4A8B2}.Template|x64.Build.0 = Release|x64
		{0C3E557B-8448-4C9F-83D3-3DCB3EE4A8B2}.Template|x86.ActiveCfg = Release|x64
		{47B333A3-8D38-4376-A7E2-11479FDC2C34}.Debug|Any CPU.ActiveCfg = Debug|x64
		{47B333A3-8D38-4376-A7E2-11479FDC2C34}.Debug|Mixed Platforms.ActiveCfg = Debug|x64
		{47B333A3-8D38-4376-A7E2-11479FDC2C34}.Debug|Mixed Platforms.Build.0 = Debug|x64
		{47B333A3-8D38-4376-A7E2-11479FDC2C34}.Debug|Win32.ActiveCfg = Debug|Win32
		{47B333A3-8D38-4376-A7E2-11479FDC2C34}.Debug|Win32.Build.0 = Debug|Win32
		{47B333A3-8D38-4376-A7E2-11479FDC2C34}.Debug|x64.ActiveCfg = Debug|Win32
		{47B333A3-8D38-4376-A7E2-11479FDC2C34}.Debug|x86.ActiveCfg = Debug|x64
		{47B333A3-8D38-4376-A7E2-11479FDC2C34}.Release|Any CPU.ActiveCfg = Release|x64
		{47B333A3-8D38-4376-A7E2-11479FDC2C34}.Release|Mixed Platforms.ActiveCfg = Release|x64
		{47B333A3-8D38-4376-A7E2-11479FDC2C34}.Release|Mixed Platforms.Build.0 = Release|x64
		{47B333A3-8D38-4376-A7E2-11479FDC2C34}.Release|Win32.ActiveCfg = Release|Win32
		{47B333A3-8D38-4376-A7E2-11479FDC2C34}.Release|Win32.Build.0 = Release|Win32
		{47B333A3-8D38-4376-A7E2-11479FDC2C34}.Release|x64.ActiveCfg = Release|x64
		{47B333A3-8D38-4376-A7E2-11479FDC2C34}.Release|x64.Build.0 = Release|x64
		{47B333A3-8D38-4376-A7E2-11479FDC2C34}.Release|x86.ActiveCfg = Release|x64
		{47B333A3-8D38-4376-A7E2-11479FDC2C34}.Template|Any CPU.ActiveCfg = Release|x64
		{47B333A3-8D38-4376-A7E2-11479FDC2C34}.Template|Mixed Platforms.ActiveCfg = Release|x64
		{47B333A3-8D38-4376-A7E2-11479FDC2C34}.Template|Mixed Platforms.Build.0 = Release|x64
		{47B333A3-8D38-4376-A7E2-11479FDC2C34}.Template|Win32.ActiveCfg = Release|x64
		{47B333A3-8D38-4376-A7E2-11479FDC2C34}.Template|x64.ActiveCfg = Release|x64
		{47B333A3-8D38-4376-A7E2-11479FDC2C34}.Template|x64.Build.0 = Release|x64
		{47B333A3-8D38-4376-A7E2-11479FDC2C34}.Template|x86.ActiveCfg = Release|x64
		{FD89D394-1115-4851-9A81-FBF30A018816}.Debug|Any CPU.ActiveCfg = Debug|x64
		{FD89D394-1115-4851-9A81-FBF30A018816}.Debug|Mixed Platforms.ActiveCfg = Debug|x64
		{FD89D394-1115-4851-9A81-FBF30A018816}.Debug|Mixed Platforms.Build.0 = Debug|x64
		{FD89D394-1115-4851-9A81-FBF30A018816}.Debug|Win32.ActiveCfg = Debug|Win32
		{FD89D394-1115-4851-9A81-FBF30A018816}.Debug|Win32.Build.0 = Debug|Win32
		{FD89D394-1115-4851-9A81-FBF30A018816}.Debug|x64.ActiveCfg = Debug|Win32
		{FD89D394-1115-4851-9A81-FBF30A018816}.Debug|x86.ActiveCfg = Debug|x64
		{FD89D394-1115-4851-9A81-FBF30A018816}.Release|Any CPU.ActiveCfg = Release|x64
		{FD89D394-1115-4851-9A81-FBF30A018816}.Release|Mixed Platforms.ActiveCfg = Release|x64
		{FD89D394-1115-4851-9A81-FBF30A018816}.Release|Mixed Platforms.Build.0 = Release|x64
		{FD89D394-1115-4851-9A81-FBF30A018816}.Release|Win32.ActiveCfg = Release|Win32
		{FD89D394-1115-4851-9A81-FBF30A018816}.Release|Win32.Build.0 = Release|Win32
		{FD89D394-1115-4851-9A81-FBF30A018816}.Release|x64.ActiveCfg = Release|x64
		{FD89D394-1115-4851-9A81-FBF30A018816}.Release|x64.Build.0 = Release|x64
		{FD89D394-1115-4851-9A81-FBF30A018816}.Release|x86.ActiveCfg = Release|x64
		{FD89D394-1115-4851-9A81-FBF30A018816}.Template|Any CPU.ActiveCfg = Release|x64
		{FD89D394-1115-4851-9A81-FBF30A018816}.Template|Mixed Platforms.ActiveCfg = Release|x64
		{FD89D394-1115-4851-9A81-FBF30A018816}.Template|Mixed Platforms.Build.0 = Release|x64
		{FD89D394-1115-4851-9A81-FBF30A018816}.Template|Win32.ActiveCfg = Release|x64
		{FD89D394-1115-4851-9A81-FBF30A018816}.Template|x64.ActiveCfg = Release|x64
		{FD89D394-1115-4851-9A81-FBF30A018816}.Template|x64.Build.0 = Release|x64
		{FD89D394-1115-4851-9A81-FBF30A018816}.Template|x86.ActiveCfg = Release|x64
		{D44CA30C-90E5-415E-9F2E-2BB68B877740}.Debug|Any CPU.ActiveCfg = Debug|Win32
		{D44CA30C-90E5-415E-9F2E-2BB68B877740}.Debug|Mixed Platforms.ActiveCfg = Debug|Win32
		{D44CA30C-90E5-415E-9F2E-2BB68B877740}.Debug|Mixed Platforms.Build.0 = Debug|Win32
		{D44CA30C-90E5-415E-9F2E-2BB68B877740}.Debug|Win32.ActiveCfg = Debug|Win32
		{D44CA30C-90E5-415E-9F2E-2BB68B877740}.Debug|Win32.Build.0 = Debug|Win32
		{D44CA30C-90E5-415E-9F2E-2BB68B877740}.Debug|x64.ActiveCfg = Debug|Win32
		{D44CA30C-90E5-415E-9F2E-2BB68B877740}.Debug|x86.ActiveCfg = Debug|Win32
		{D44CA30C-90E5-415E-9F2E-2BB68B877740}.Release|Any CPU.ActiveCfg = Release|Win32
		{D44CA30C-90E5-415E-9F2E-2BB68B877740}.Release|Mixed Platforms.ActiveCfg = Release|Win32
		{D44CA30C-90E5-415E-9F2E-2BB68B877740}.Release|Mixed Platforms.Build.0 = Release|Win32
		{D44CA30C-90E5-415E-9F2E-2BB68B877740}.Release|Win32.ActiveCfg = Release|Win32
		{D44CA30C-90E5-415E-9F2E-2BB68B877740}.Release|Win32.Build.0 = Release|Win32
		{D44CA30C-90E5-415E-9F2E-2BB68B877740}.Release|x64.ActiveCfg = Release|Win32
		{D44CA30C-90E5-415E-9F2E-2BB68B877740}.Release|x86.ActiveCfg = Release|Win32
		{D44CA30C-90E5-415E-9F2E-2BB68B877740}.Template|Any CPU.ActiveCfg = Release|Win32
		{D44CA30C-90E5-415E-9F2E-2BB68B877740}.Template|Mixed Platforms.ActiveCfg = Release|Win32
		{D44CA30C-90E5-415E-9F2E-2BB68B877740}.Template|Mixed Platforms.Build.0 = Release|Win32
		{D44CA30C-90E5-415E-9F2E-2BB68B877740}.Template|Win32.ActiveCfg = Release|Win32
		{D44CA30C-90E5-415E-9F2E-2BB68B877740}.Template|Win32.Build.0 = Release|Win32
		{D44CA30C-90E5-415E-9F2E-2BB68B877740}.Template|x64.ActiveCfg = Release|Win32
		{D44CA30C-90E5-415E-9F2E-2BB68B877740}.Template|x86.ActiveCfg = Release|Win32
		{51096044-2468-4CF4-99B5-AE3251CA8C3D}.Debug|Any CPU.ActiveCfg = Debug|Any CPU
		{51096044-2468-4CF4-99B5-AE3251CA8C3D}.Debug|Any CPU.Build.0 = Debug|Any CPU
		{51096044-2468-4CF4-99B5-AE3251CA8C3D}.Debug|Mixed Platforms.ActiveCfg = Debug|Any CPU
		{51096044-2468-4CF4-99B5-AE3251CA8C3D}.Debug|Mixed Platforms.Build.0 = Debug|Any CPU
		{51096044-2468-4CF4-99B5-AE3251CA8C3D}.Debug|Win32.ActiveCfg = Debug|Any CPU
		{51096044-2468-4CF4-99B5-AE3251CA8C3D}.Debug|x64.ActiveCfg = Debug|Any CPU
		{51096044-2468-4CF4-99B5-AE3251CA8C3D}.Debug|x86.ActiveCfg = Debug|Any CPU
		{51096044-2468-4CF4-99B5-AE3251CA8C3D}.Release|Any CPU.ActiveCfg = Release|Any CPU
		{51096044-2468-4CF4-99B5-AE3251CA8C3D}.Release|Any CPU.Build.0 = Release|Any CPU
		{51096044-2468-4CF4-99B5-AE3251CA8C3D}.Release|Mixed Platforms.ActiveCfg = Release|Any CPU
		{51096044-2468-4CF4-99B5-AE3251CA8C3D}.Release|Mixed Platforms.Build.0 = Release|Any CPU
		{51096044-2468-4CF4-99B5-AE3251CA8C3D}.Release|Win32.ActiveCfg = Release|Any CPU
		{51096044-2468-4CF4-99B5-AE3251CA8C3D}.Release|x64.ActiveCfg = Release|Any CPU
		{51096044-2468-4CF4-99B5-AE3251CA8C3D}.Release|x86.ActiveCfg = Release|Any CPU
		{51096044-2468-4CF4-99B5-AE3251CA8C3D}.Template|Any CPU.ActiveCfg = Release|Any CPU
		{51096044-2468-4CF4-99B5-AE3251CA8C3D}.Template|Mixed Platforms.ActiveCfg = Release|Any CPU
		{51096044-2468-4CF4-99B5-AE3251CA8C3D}.Template|Win32.ActiveCfg = Release|Any CPU
		{51096044-2468-4CF4-99B5-AE3251CA8C3D}.Template|x64.ActiveCfg = Release|Any CPU
		{51096044-2468-4CF4-99B5-AE3251CA8C3D}.Template|x86.ActiveCfg = Release|Any CPU
		{0006D818-0BF4-4F35-9757-E01C6061835E}.Debug|Any CPU.ActiveCfg = Debug|Win32
		{0006D818-0BF4-4F35-9757-E01C6061835E}.Debug|Mixed Platforms.ActiveCfg = Debug|Win32
		{0006D818-0BF4-4F35-9757-E01C6061835E}.Debug|Mixed Platforms.Build.0 = Debug|Win32
		{0006D818-0BF4-4F35-9757-E01C6061835E}.Debug|Win32.ActiveCfg = Debug|Win32
		{0006D818-0BF4-4F35-9757-E01C6061835E}.Debug|Win32.Build.0 = Debug|Win32
		{0006D818-0BF4-4F35-9757-E01C6061835E}.Debug|x64.ActiveCfg = Debug|Win32
		{0006D818-0BF4-4F35-9757-E01C6061835E}.Debug|x86.ActiveCfg = Debug|Win32
		{0006D818-0BF4-4F35-9757-E01C6061835E}.Release|Any CPU.ActiveCfg = Release|Win32
		{0006D818-0BF4-4F35-9757-E01C6061835E}.Release|Mixed Platforms.ActiveCfg = Release|Win32
		{0006D818-0BF4-4F35-9757-E01C6061835E}.Release|Mixed Platforms.Build.0 = Release|Win32
		{0006D818-0BF4-4F35-9757-E01C6061835E}.Release|Win32.ActiveCfg = Release|Win32
		{0006D818-0BF4-4F35-9757-E01C6061835E}.Release|Win32.Build.0 = Release|Win32
		{0006D818-0BF4-4F35-9757-E01C6061835E}.Release|x64.ActiveCfg = Release|Win32
		{0006D818-0BF4-4F35-9757-E01C6061835E}.Release|x86.ActiveCfg = Release|Win32
		{0006D818-0BF4-4F35-9757-E01C6061835E}.Template|Any CPU.ActiveCfg = Release|Win32
		{0006D818-0BF4-4F35-9757-E01C6061835E}.Template|Mixed Platforms.ActiveCfg = Release|Win32
		{0006D818-0BF4-4F35-9757-E01C6061835E}.Template|Mixed Platforms.Build.0 = Release|Win32
		{0006D818-0BF4-4F35-9757-E01C6061835E}.Template|Win32.ActiveCfg = Release|Win32
		{0006D818-0BF4-4F35-9757-E01C6061835E}.Template|Win32.Build.0 = Release|Win32
		{0006D818-0BF4-4F35-9757-E01C6061835E}.Template|x64.ActiveCfg = Release|Win32
		{0006D818-0BF4-4F35-9757-E01C6061835E}.Template|x86.ActiveCfg = Release|Win32
		{25C56D15-3645-4254-82F8-4A32456795F7}.Debug|Any CPU.ActiveCfg = Debug|Any CPU
		{25C56D15-3645-4254-82F8-4A32456795F7}.Debug|Any CPU.Build.0 = Debug|Any CPU
		{25C56D15-3645-4254-82F8-4A32456795F7}.Debug|Mixed Platforms.ActiveCfg = Debug|Any CPU
		{25C56D15-3645-4254-82F8-4A32456795F7}.Debug|Mixed Platforms.Build.0 = Debug|Any CPU
		{25C56D15-3645-4254-82F8-4A32456795F7}.Debug|Win32.ActiveCfg = Debug|Any CPU
		{25C56D15-3645-4254-82F8-4A32456795F7}.Debug|x64.ActiveCfg = Debug|Any CPU
		{25C56D15-3645-4254-82F8-4A32456795F7}.Debug|x86.ActiveCfg = Debug|Any CPU
		{25C56D15-3645-4254-82F8-4A32456795F7}.Release|Any CPU.ActiveCfg = Release|Any CPU
		{25C56D15-3645-4254-82F8-4A32456795F7}.Release|Any CPU.Build.0 = Release|Any CPU
		{25C56D15-3645-4254-82F8-4A32456795F7}.Release|Mixed Platforms.ActiveCfg = Release|Any CPU
		{25C56D15-3645-4254-82F8-4A32456795F7}.Release|Mixed Platforms.Build.0 = Release|Any CPU
		{25C56D15-3645-4254-82F8-4A32456795F7}.Release|Win32.ActiveCfg = Release|Any CPU
		{25C56D15-3645-4254-82F8-4A32456795F7}.Release|x64.ActiveCfg = Release|Any CPU
		{25C56D15-3645-4254-82F8-4A32456795F7}.Release|x86.ActiveCfg = Release|Any CPU
		{25C56D15-3645-4254-82F8-4A32456795F7}.Template|Any CPU.ActiveCfg = Release|Any CPU
		{25C56D15-3645-4254-82F8-4A32456795F7}.Template|Any CPU.Build.0 = Release|Any CPU
		{25C56D15-3645-4254-82F8-4A32456795F7}.Template|Mixed Platforms.ActiveCfg = Release|Any CPU
		{25C56D15-3645-4254-82F8-4A32456795F7}.Template|Mixed Platforms.Build.0 = Release|Any CPU
		{25C56D15-3645-4254-82F8-4A32456795F7}.Template|Win32.ActiveCfg = Release|Any CPU
		{25C56D15-3645-4254-82F8-4A32456795F7}.Template|x64.ActiveCfg = Release|Any CPU
		{25C56D15-3645-4254-82F8-4A32456795F7}.Template|x86.ActiveCfg = Release|Any CPU
		{756AA2DE-4019-41E1-9DB6-F4C7BCF6FD7A}.Debug|Any CPU.ActiveCfg = Debug|Win32
		{756AA2DE-4019-41E1-9DB6-F4C7BCF6FD7A}.Debug|Mixed Platforms.ActiveCfg = Debug|Win32
		{756AA2DE-4019-41E1-9DB6-F4C7BCF6FD7A}.Debug|Mixed Platforms.Build.0 = Debug|Win32
		{756AA2DE-4019-41E1-9DB6-F4C7BCF6FD7A}.Debug|Win32.ActiveCfg = Debug|Win32
		{756AA2DE-4019-41E1-9DB6-F4C7BCF6FD7A}.Debug|Win32.Build.0 = Debug|Win32
		{756AA2DE-4019-41E1-9DB6-F4C7BCF6FD7A}.Debug|x64.ActiveCfg = Debug|Win32
		{756AA2DE-4019-41E1-9DB6-F4C7BCF6FD7A}.Debug|x86.ActiveCfg = Debug|Win32
		{756AA2DE-4019-41E1-9DB6-F4C7BCF6FD7A}.Release|Any CPU.ActiveCfg = Release|Win32
		{756AA2DE-4019-41E1-9DB6-F4C7BCF6FD7A}.Release|Mixed Platforms.ActiveCfg = Release|Win32
		{756AA2DE-4019-41E1-9DB6-F4C7BCF6FD7A}.Release|Mixed Platforms.Build.0 = Release|Win32
		{756AA2DE-4019-41E1-9DB6-F4C7BCF6FD7A}.Release|Win32.ActiveCfg = Release|Win32
		{756AA2DE-4019-41E1-9DB6-F4C7BCF6FD7A}.Release|Win32.Build.0 = Release|Win32
		{756AA2DE-4019-41E1-9DB6-F4C7BCF6FD7A}.Release|x64.ActiveCfg = Release|Win32
		{756AA2DE-4019-41E1-9DB6-F4C7BCF6FD7A}.Release|x86.ActiveCfg = Release|Win32
		{756AA2DE-4019-41E1-9DB6-F4C7BCF6FD7A}.Template|Any CPU.ActiveCfg = Release|Win32
		{756AA2DE-4019-41E1-9DB6-F4C7BCF6FD7A}.Template|Mixed Platforms.ActiveCfg = Release|Win32
		{756AA2DE-4019-41E1-9DB6-F4C7BCF6FD7A}.Template|Mixed Platforms.Build.0 = Release|Win32
		{756AA2DE-4019-41E1-9DB6-F4C7BCF6FD7A}.Template|Win32.ActiveCfg = Release|Win32
		{756AA2DE-4019-41E1-9DB6-F4C7BCF6FD7A}.Template|Win32.Build.0 = Release|Win32
		{756AA2DE-4019-41E1-9DB6-F4C7BCF6FD7A}.Template|x64.ActiveCfg = Release|Win32
		{756AA2DE-4019-41E1-9DB6-F4C7BCF6FD7A}.Template|x86.ActiveCfg = Release|Win32
		{1C1725F3-FE5A-4895-A0E8-AE2A58417650}.Debug|Any CPU.ActiveCfg = Debug
		{1C1725F3-FE5A-4895-A0E8-AE2A58417650}.Debug|Mixed Platforms.ActiveCfg = Debug
		{1C1725F3-FE5A-4895-A0E8-AE2A58417650}.Debug|Win32.ActiveCfg = Debug
		{1C1725F3-FE5A-4895-A0E8-AE2A58417650}.Debug|x64.ActiveCfg = Debug
		{1C1725F3-FE5A-4895-A0E8-AE2A58417650}.Debug|x86.ActiveCfg = Debug
		{1C1725F3-FE5A-4895-A0E8-AE2A58417650}.Release|Any CPU.ActiveCfg = Release
		{1C1725F3-FE5A-4895-A0E8-AE2A58417650}.Release|Mixed Platforms.ActiveCfg = Release
		{1C1725F3-FE5A-4895-A0E8-AE2A58417650}.Release|Win32.ActiveCfg = Release
		{1C1725F3-FE5A-4895-A0E8-AE2A58417650}.Release|x64.ActiveCfg = Release
		{1C1725F3-FE5A-4895-A0E8-AE2A58417650}.Release|x86.ActiveCfg = Release
		{1C1725F3-FE5A-4895-A0E8-AE2A58417650}.Template|Any CPU.ActiveCfg = Release
		{1C1725F3-FE5A-4895-A0E8-AE2A58417650}.Template|Any CPU.Build.0 = Release
		{1C1725F3-FE5A-4895-A0E8-AE2A58417650}.Template|Mixed Platforms.ActiveCfg = Release
		{1C1725F3-FE5A-4895-A0E8-AE2A58417650}.Template|Mixed Platforms.Build.0 = Release
		{1C1725F3-FE5A-4895-A0E8-AE2A58417650}.Template|Win32.ActiveCfg = Release
		{1C1725F3-FE5A-4895-A0E8-AE2A58417650}.Template|Win32.Build.0 = Release
		{1C1725F3-FE5A-4895-A0E8-AE2A58417650}.Template|x64.ActiveCfg = Release
		{1C1725F3-FE5A-4895-A0E8-AE2A58417650}.Template|x64.Build.0 = Release
		{1C1725F3-FE5A-4895-A0E8-AE2A58417650}.Template|x86.ActiveCfg = Release
		{1C1725F3-FE5A-4895-A0E8-AE2A58417650}.Template|x86.Build.0 = Release
		{466A5D3B-B60D-42F1-9CA9-91AA1D748A2B}.Debug|Any CPU.ActiveCfg = Debug
		{466A5D3B-B60D-42F1-9CA9-91AA1D748A2B}.Debug|Any CPU.Build.0 = Debug
		{466A5D3B-B60D-42F1-9CA9-91AA1D748A2B}.Debug|Mixed Platforms.ActiveCfg = Debug
		{466A5D3B-B60D-42F1-9CA9-91AA1D748A2B}.Debug|Mixed Platforms.Build.0 = Debug
		{466A5D3B-B60D-42F1-9CA9-91AA1D748A2B}.Debug|Win32.ActiveCfg = Debug
		{466A5D3B-B60D-42F1-9CA9-91AA1D748A2B}.Debug|Win32.Build.0 = Debug
		{466A5D3B-B60D-42F1-9CA9-91AA1D748A2B}.Debug|x64.ActiveCfg = Debug
		{466A5D3B-B60D-42F1-9CA9-91AA1D748A2B}.Debug|x64.Build.0 = Debug
		{466A5D3B-B60D-42F1-9CA9-91AA1D748A2B}.Debug|x86.ActiveCfg = Debug
		{466A5D3B-B60D-42F1-9CA9-91AA1D748A2B}.Debug|x86.Build.0 = Debug
		{466A5D3B-B60D-42F1-9CA9-91AA1D748A2B}.Release|Any CPU.ActiveCfg = Release
		{466A5D3B-B60D-42F1-9CA9-91AA1D748A2B}.Release|Any CPU.Build.0 = Release
		{466A5D3B-B60D-42F1-9CA9-91AA1D748A2B}.Release|Mixed Platforms.ActiveCfg = Release
		{466A5D3B-B60D-42F1-9CA9-91AA1D748A2B}.Release|Mixed Platforms.Build.0 = Release
		{466A5D3B-B60D-42F1-9CA9-91AA1D748A2B}.Release|Win32.ActiveCfg = Release
		{466A5D3B-B60D-42F1-9CA9-91AA1D748A2B}.Release|Win32.Build.0 = Release
		{466A5D3B-B60D-42F1-9CA9-91AA1D748A2B}.Release|x64.ActiveCfg = Release
		{466A5D3B-B60D-42F1-9CA9-91AA1D748A2B}.Release|x64.Build.0 = Release
		{466A5D3B-B60D-42F1-9CA9-91AA1D748A2B}.Release|x86.ActiveCfg = Release
		{466A5D3B-B60D-42F1-9CA9-91AA1D748A2B}.Release|x86.Build.0 = Release
		{466A5D3B-B60D-42F1-9CA9-91AA1D748A2B}.Template|Any CPU.ActiveCfg = Release
		{466A5D3B-B60D-42F1-9CA9-91AA1D748A2B}.Template|Any CPU.Build.0 = Release
		{466A5D3B-B60D-42F1-9CA9-91AA1D748A2B}.Template|Mixed Platforms.ActiveCfg = Release
		{466A5D3B-B60D-42F1-9CA9-91AA1D748A2B}.Template|Mixed Platforms.Build.0 = Release
		{466A5D3B-B60D-42F1-9CA9-91AA1D748A2B}.Template|Win32.ActiveCfg = Release
		{466A5D3B-B60D-42F1-9CA9-91AA1D748A2B}.Template|Win32.Build.0 = Release
		{466A5D3B-B60D-42F1-9CA9-91AA1D748A2B}.Template|x64.ActiveCfg = Release
		{466A5D3B-B60D-42F1-9CA9-91AA1D748A2B}.Template|x64.Build.0 = Release
		{466A5D3B-B60D-42F1-9CA9-91AA1D748A2B}.Template|x86.ActiveCfg = Release
		{466A5D3B-B60D-42F1-9CA9-91AA1D748A2B}.Template|x86.Build.0 = Release
		{0C9A305C-A46A-4846-9A45-D0B620824DD0}.Debug|Any CPU.ActiveCfg = Debug|Win32
		{0C9A305C-A46A-4846-9A45-D0B620824DD0}.Debug|Mixed Platforms.ActiveCfg = Debug|Win32
		{0C9A305C-A46A-4846-9A45-D0B620824DD0}.Debug|Mixed Platforms.Build.0 = Debug|Win32
		{0C9A305C-A46A-4846-9A45-D0B620824DD0}.Debug|Win32.ActiveCfg = Debug|Win32
		{0C9A305C-A46A-4846-9A45-D0B620824DD0}.Debug|Win32.Build.0 = Debug|Win32
		{0C9A305C-A46A-4846-9A45-D0B620824DD0}.Debug|x64.ActiveCfg = Debug|Win32
		{0C9A305C-A46A-4846-9A45-D0B620824DD0}.Debug|x86.ActiveCfg = Debug|Win32
		{0C9A305C-A46A-4846-9A45-D0B620824DD0}.Release|Any CPU.ActiveCfg = Release|Win32
		{0C9A305C-A46A-4846-9A45-D0B620824DD0}.Release|Mixed Platforms.ActiveCfg = Release|Win32
		{0C9A305C-A46A-4846-9A45-D0B620824DD0}.Release|Mixed Platforms.Build.0 = Release|Win32
		{0C9A305C-A46A-4846-9A45-D0B620824DD0}.Release|Win32.ActiveCfg = Release|Win32
		{0C9A305C-A46A-4846-9A45-D0B620824DD0}.Release|Win32.Build.0 = Release|Win32
		{0C9A305C-A46A-4846-9A45-D0B620824DD0}.Release|x64.ActiveCfg = Release|Win32
		{0C9A305C-A46A-4846-9A45-D0B620824DD0}.Release|x86.ActiveCfg = Release|Win32
		{0C9A305C-A46A-4846-9A45-D0B620824DD0}.Template|Any CPU.ActiveCfg = Template|Win32
		{0C9A305C-A46A-4846-9A45-D0B620824DD0}.Template|Mixed Platforms.ActiveCfg = Template|Win32
		{0C9A305C-A46A-4846-9A45-D0B620824DD0}.Template|Mixed Platforms.Build.0 = Template|Win32
		{0C9A305C-A46A-4846-9A45-D0B620824DD0}.Template|Win32.ActiveCfg = Template|Win32
		{0C9A305C-A46A-4846-9A45-D0B620824DD0}.Template|Win32.Build.0 = Template|Win32
		{0C9A305C-A46A-4846-9A45-D0B620824DD0}.Template|x64.ActiveCfg = Template|Win32
		{0C9A305C-A46A-4846-9A45-D0B620824DD0}.Template|x86.ActiveCfg = Template|Win32
	EndGlobalSection
	GlobalSection(SolutionProperties) = preSolution
		HideSolutionNode = FALSE
	EndGlobalSection
	GlobalSection(NestedProjects) = preSolution
		{DDFECB54-729D-48CC-A7F2-4013F20F498E} = {09A418F0-FA61-4A83-A0F0-5DC75E999E6E}
		{D44CA30C-90E5-415E-9F2E-2BB68B877740} = {09A418F0-FA61-4A83-A0F0-5DC75E999E6E}
		{DB018097-C2A7-4B50-AE65-85428C0467C1} = {09A418F0-FA61-4A83-A0F0-5DC75E999E6E}
		{756AA2DE-4019-41E1-9DB6-F4C7BCF6FD7A} = {09A418F0-FA61-4A83-A0F0-5DC75E999E6E}
		{0C9A305C-A46A-4846-9A45-D0B620824DD0} = {09A418F0-FA61-4A83-A0F0-5DC75E999E6E}
		{D263B266-82B5-48AD-8C2C-A79647A1841B} = {89D25084-E5AD-42C0-A22B-E24E063C021E}
		{47B333A3-8D38-4376-A7E2-11479FDC2C34} = {1F5E89A4-319B-4904-B735-CABC083AE0CB}
		{FD89D394-1115-4851-9A81-FBF30A018816} = {1F5E89A4-319B-4904-B735-CABC083AE0CB}
		{0C3E557B-8448-4C9F-83D3-3DCB3EE4A8B2} = {1F5E89A4-319B-4904-B735-CABC083AE0CB}
		{0006D818-0BF4-4F35-9757-E01C6061835E} = {1F5E89A4-319B-4904-B735-CABC083AE0CB}
		{25C56D15-3645-4254-82F8-4A32456795F7} = {1F5E89A4-319B-4904-B735-CABC083AE0CB}
		{51096044-2468-4CF4-99B5-AE3251CA8C3D} = {C1D2D34A-D234-4717-B2DF-9884775AA7F4}
	EndGlobalSection
EndGlobal
